
Microsoft Visual Studio Solution File, Format Version 12.00
# Visual Studio 15
VisualStudioVersion = 15.0.26430.14
MinimumVisualStudioVersion = 10.0.40219.1
Project("{9A19103F-16F7-4668-BE54-9A1E7A4F7556}") = "SharpLock", "src\SharpLock\SharpLock.csproj", "{76B6B9E4-0D27-4DD4-A49B-9B1AA316D16F}"
EndProject
Project("{9A19103F-16F7-4668-BE54-9A1E7A4F7556}") = "SharpLock.MongoDB", "src\SharpLock.MongoDB\SharpLock.MongoDB.csproj", "{16F8E429-6CEC-47C1-8466-51526361D9E6}"
EndProject
Project("{9A19103F-16F7-4668-BE54-9A1E7A4F7556}") = "SharpLock.MongoDB.Tests", "test\SharpLock.MongoDB.Tests\SharpLock.MongoDB.Tests.csproj", "{5E422414-E5AB-4793-B55F-1EACD909B829}"
EndProject
Project("{9A19103F-16F7-4668-BE54-9A1E7A4F7556}") = "SharpLock.InMemory", "src\SharpLock.InMemory\SharpLock.InMemory.csproj", "{21FF0151-3091-48F9-8203-5809A9D72F90}"
EndProject
Project("{FAE04EC0-301F-11D3-BF4B-00C04F79EFBC}") = "SharpLock.InMemory.Tests", "test\SharpLock.InMemory.Tests\SharpLock.InMemory.Tests.csproj", "{5BEAEC54-2A96-44D3-9D3C-58F49399AA50}"
EndProject
Global
	GlobalSection(SolutionConfigurationPlatforms) = preSolution
		Debug|Any CPU = Debug|Any CPU
		Debug|x64 = Debug|x64
		Debug|x86 = Debug|x86
		Release|Any CPU = Release|Any CPU
		Release|x64 = Release|x64
		Release|x86 = Release|x86
	EndGlobalSection
	GlobalSection(ProjectConfigurationPlatforms) = postSolution
		{76B6B9E4-0D27-4DD4-A49B-9B1AA316D16F}.Debug|Any CPU.ActiveCfg = Debug|Any CPU
		{76B6B9E4-0D27-4DD4-A49B-9B1AA316D16F}.Debug|Any CPU.Build.0 = Debug|Any CPU
		{76B6B9E4-0D27-4DD4-A49B-9B1AA316D16F}.Debug|x64.ActiveCfg = Debug|Any CPU
		{76B6B9E4-0D27-4DD4-A49B-9B1AA316D16F}.Debug|x64.Build.0 = Debug|Any CPU
		{76B6B9E4-0D27-4DD4-A49B-9B1AA316D16F}.Debug|x86.ActiveCfg = Debug|Any CPU
		{76B6B9E4-0D27-4DD4-A49B-9B1AA316D16F}.Debug|x86.Build.0 = Debug|Any CPU
		{76B6B9E4-0D27-4DD4-A49B-9B1AA316D16F}.Release|Any CPU.ActiveCfg = Release|Any CPU
		{76B6B9E4-0D27-4DD4-A49B-9B1AA316D16F}.Release|Any CPU.Build.0 = Release|Any CPU
		{76B6B9E4-0D27-4DD4-A49B-9B1AA316D16F}.Release|x64.ActiveCfg = Release|Any CPU
		{76B6B9E4-0D27-4DD4-A49B-9B1AA316D16F}.Release|x64.Build.0 = Release|Any CPU
		{76B6B9E4-0D27-4DD4-A49B-9B1AA316D16F}.Release|x86.ActiveCfg = Release|Any CPU
		{76B6B9E4-0D27-4DD4-A49B-9B1AA316D16F}.Release|x86.Build.0 = Release|Any CPU
		{16F8E429-6CEC-47C1-8466-51526361D9E6}.Debug|Any CPU.ActiveCfg = Debug|Any CPU
		{16F8E429-6CEC-47C1-8466-51526361D9E6}.Debug|Any CPU.Build.0 = Debug|Any CPU
		{16F8E429-6CEC-47C1-8466-51526361D9E6}.Debug|x64.ActiveCfg = Debug|Any CPU
		{16F8E429-6CEC-47C1-8466-51526361D9E6}.Debug|x64.Build.0 = Debug|Any CPU
		{16F8E429-6CEC-47C1-8466-51526361D9E6}.Debug|x86.ActiveCfg = Debug|Any CPU
		{16F8E429-6CEC-47C1-8466-51526361D9E6}.Debug|x86.Build.0 = Debug|Any CPU
		{16F8E429-6CEC-47C1-8466-51526361D9E6}.Release|Any CPU.ActiveCfg = Release|Any CPU
		{16F8E429-6CEC-47C1-8466-51526361D9E6}.Release|Any CPU.Build.0 = Release|Any CPU
		{16F8E429-6CEC-47C1-8466-51526361D9E6}.Release|x64.ActiveCfg = Release|Any CPU
		{16F8E429-6CEC-47C1-8466-51526361D9E6}.Release|x64.Build.0 = Release|Any CPU
		{16F8E429-6CEC-47C1-8466-51526361D9E6}.Release|x86.ActiveCfg = Release|Any CPU
		{16F8E429-6CEC-47C1-8466-51526361D9E6}.Release|x86.Build.0 = Release|Any CPU
		{5E422414-E5AB-4793-B55F-1EACD909B829}.Debug|Any CPU.ActiveCfg = Debug|Any CPU
		{5E422414-E5AB-4793-B55F-1EACD909B829}.Debug|Any CPU.Build.0 = Debug|Any CPU
		{5E422414-E5AB-4793-B55F-1EACD909B829}.Debug|x64.ActiveCfg = Debug|Any CPU
		{5E422414-E5AB-4793-B55F-1EACD909B829}.Debug|x64.Build.0 = Debug|Any CPU
		{5E422414-E5AB-4793-B55F-1EACD909B829}.Debug|x86.ActiveCfg = Debug|Any CPU
		{5E422414-E5AB-4793-B55F-1EACD909B829}.Debug|x86.Build.0 = Debug|Any CPU
		{5E422414-E5AB-4793-B55F-1EACD909B829}.Release|Any CPU.ActiveCfg = Release|Any CPU
		{5E422414-E5AB-4793-B55F-1EACD909B829}.Release|Any CPU.Build.0 = Release|Any CPU
		{5E422414-E5AB-4793-B55F-1EACD909B829}.Release|x64.ActiveCfg = Release|Any CPU
		{5E422414-E5AB-4793-B55F-1EACD909B829}.Release|x64.Build.0 = Release|Any CPU
		{5E422414-E5AB-4793-B55F-1EACD909B829}.Release|x86.ActiveCfg = Release|Any CPU
		{5E422414-E5AB-4793-B55F-1EACD909B829}.Release|x86.Build.0 = Release|Any CPU
		{21FF0151-3091-48F9-8203-5809A9D72F90}.Debug|Any CPU.ActiveCfg = Debug|Any CPU
		{21FF0151-3091-48F9-8203-5809A9D72F90}.Debug|Any CPU.Build.0 = Debug|Any CPU
		{21FF0151-3091-48F9-8203-5809A9D72F90}.Debug|x64.ActiveCfg = Debug|Any CPU
		{21FF0151-3091-48F9-8203-5809A9D72F90}.Debug|x64.Build.0 = Debug|Any CPU
		{21FF0151-3091-48F9-8203-5809A9D72F90}.Debug|x86.ActiveCfg = Debug|Any CPU
		{21FF0151-3091-48F9-8203-5809A9D72F90}.Debug|x86.Build.0 = Debug|Any CPU
		{21FF0151-3091-48F9-8203-5809A9D72F90}.Release|Any CPU.ActiveCfg = Release|Any CPU
		{21FF0151-3091-48F9-8203-5809A9D72F90}.Release|Any CPU.Build.0 = Release|Any CPU
		{21FF0151-3091-48F9-8203-5809A9D72F90}.Release|x64.ActiveCfg = Release|Any CPU
		{21FF0151-3091-48F9-8203-5809A9D72F90}.Release|x64.Build.0 = Release|Any CPU
		{21FF0151-3091-48F9-8203-5809A9D72F90}.Release|x86.ActiveCfg = Release|Any CPU
		{21FF0151-3091-48F9-8203-5809A9D72F90}.Release|x86.Build.0 = Release|Any CPU
		{5BEAEC54-2A96-44D3-9D3C-58F49399AA50}.Debug|Any CPU.ActiveCfg = Debug|Any CPU
		{5BEAEC54-2A96-44D3-9D3C-58F49399AA50}.Debug|Any CPU.Build.0 = Debug|Any CPU
		{5BEAEC54-2A96-44D3-9D3C-58F49399AA50}.Debug|x64.ActiveCfg = Debug|Any CPU
		{5BEAEC54-2A96-44D3-9D3C-58F49399AA50}.Debug|x64.Build.0 = Debug|Any CPU
		{5BEAEC54-2A96-44D3-9D3C-58F49399AA50}.Debug|x86.ActiveCfg = Debug|Any CPU
		{5BEAEC54-2A96-44D3-9D3C-58F49399AA50}.Debug|x86.Build.0 = Debug|Any CPU
		{5BEAEC54-2A96-44D3-9D3C-58F49399AA50}.Release|Any CPU.ActiveCfg = Release|Any CPU
		{5BEAEC54-2A96-44D3-9D3C-58F49399AA50}.Release|Any CPU.Build.0 = Release|Any CPU
		{5BEAEC54-2A96-44D3-9D3C-58F49399AA50}.Release|x64.ActiveCfg = Release|Any CPU
		{5BEAEC54-2A96-44D3-9D3C-58F49399AA50}.Release|x64.Build.0 = Release|Any CPU
		{5BEAEC54-2A96-44D3-9D3C-58F49399AA50}.Release|x86.ActiveCfg = Release|Any CPU
		{5BEAEC54-2A96-44D3-9D3C-58F49399AA50}.Release|x86.Build.0 = Release|Any CPU
	EndGlobalSection
	GlobalSection(SolutionProperties) = preSolution
		HideSolutionNode = FALSE
	EndGlobalSection
	GlobalSection(ExtensibilityGlobals) = postSolution
		SolutionGuid = {943D291B-87C0-486A-8EAD-E55F75977E7D}
	EndGlobalSection
EndGlobal
